
Microsoft Visual Studio Solution File, Format Version 12.00
# Visual Studio Version 16
VisualStudioVersion = 16.0.31112.23
MinimumVisualStudioVersion = 10.0.40219.1
Project("{FAE04EC0-301F-11D3-BF4B-00C04F79EFBC}") = "CryptoBuy-Sklep", "ZdrowoJad\CryptoBuy-Sklep.csproj", "{0658D919-5DF7-4F25-8A74-D3EF3488CC4B}"
EndProject
Global
	GlobalSection(SolutionConfigurationPlatforms) = preSolution
		Debug|Any CPU = Debug|Any CPU
		Release|Any CPU = Release|Any CPU
	EndGlobalSection
	GlobalSection(ProjectConfigurationPlatforms) = postSolution
		{0658D919-5DF7-4F25-8A74-D3EF3488CC4B}.Debug|Any CPU.ActiveCfg = Debug|Any CPU
		{0658D919-5DF7-4F25-8A74-D3EF3488CC4B}.Debug|Any CPU.Build.0 = Debug|Any CPU
		{0658D919-5DF7-4F25-8A74-D3EF3488CC4B}.Release|Any CPU.ActiveCfg = Release|Any CPU
		{0658D919-5DF7-4F25-8A74-D3EF3488CC4B}.Release|Any CPU.Build.0 = Release|Any CPU
	EndGlobalSection
	GlobalSection(SolutionProperties) = preSolution
		HideSolutionNode = FALSE
	EndGlobalSection
	GlobalSection(ExtensibilityGlobals) = postSolution
		SolutionGuid = {C4E37EF6-FBDE-426C-BD49-A2234E533E1D}
	EndGlobalSection
EndGlobal
